
Microsoft Visual Studio Solution File, Format Version 12.00
# Visual Studio 14
VisualStudioVersion = 14.0.25420.1
MinimumVisualStudioVersion = 10.0.40219.1
Project("{FAE04EC0-301F-11D3-BF4B-00C04F79EFBC}") = "IpaDictator", "IpaDictator\IpaDictator.csproj", "{1E2DFFA8-D5D4-4B3D-8BD6-95AD5AB8D071}"
EndProject
Global
	GlobalSection(SolutionConfigurationPlatforms) = preSolution
		Debug|Any CPU = Debug|Any CPU
		Debug|x64 = Debug|x64
		Release|Any CPU = Release|Any CPU
		Release|x64 = Release|x64
	EndGlobalSection
	GlobalSection(ProjectConfigurationPlatforms) = postSolution
		{1E2DFFA8-D5D4-4B3D-8BD6-95AD5AB8D071}.Debug|Any CPU.ActiveCfg = Debug|Any CPU
		{1E2DFFA8-D5D4-4B3D-8BD6-95AD5AB8D071}.Debug|Any CPU.Build.0 = Debug|Any CPU
		{1E2DFFA8-D5D4-4B3D-8BD6-95AD5AB8D071}.Debug|Any CPU.Deploy.0 = Debug|Any CPU
		{1E2DFFA8-D5D4-4B3D-8BD6-95AD5AB8D071}.Debug|x64.ActiveCfg = Debug|x64
		{1E2DFFA8-D5D4-4B3D-8BD6-95AD5AB8D071}.Debug|x64.Build.0 = Debug|x64
		{1E2DFFA8-D5D4-4B3D-8BD6-95AD5AB8D071}.Debug|x64.Deploy.0 = Debug|x64
		{1E2DFFA8-D5D4-4B3D-8BD6-95AD5AB8D071}.Release|Any CPU.ActiveCfg = Release|Any CPU
		{1E2DFFA8-D5D4-4B3D-8BD6-95AD5AB8D071}.Release|Any CPU.Build.0 = Release|Any CPU
		{1E2DFFA8-D5D4-4B3D-8BD6-95AD5AB8D071}.Release|x64.ActiveCfg = Release|x64
		{1E2DFFA8-D5D4-4B3D-8BD6-95AD5AB8D071}.Release|x64.Build.0 = Release|x64
		{1E2DFFA8-D5D4-4B3D-8BD6-95AD5AB8D071}.Release|x64.Deploy.0 = Release|x64
	EndGlobalSection
	GlobalSection(SolutionProperties) = preSolution
		HideSolutionNode = FALSE
	EndGlobalSection
	GlobalSection(MonoDevelopProperties) = preSolution
		StartupItem = IpaDictator\IpaDictator.csproj
	EndGlobalSection
EndGlobal
